
Microsoft Visual Studio Solution File, Format Version 12.00
# Visual Studio Version 17
VisualStudioVersion = 17.14.36908.2 d17.14
MinimumVisualStudioVersion = 10.0.40219.1
Project("{FAE04EC0-301F-11D3-BF4B-00C04F79EFBC}") = "Cads.Tools.Console", "Cads.Tools.Console.csproj", "{7BFC366A-4320-C5D5-DCCD-966D13E678B3}"
EndProject
Global
	GlobalSection(SolutionConfigurationPlatforms) = preSolution
		Debug|Any CPU = Debug|Any CPU
		Release|Any CPU = Release|Any CPU
	EndGlobalSection
	GlobalSection(ProjectConfigurationPlatforms) = postSolution
		{7BFC366A-4320-C5D5-DCCD-966D13E678B3}.Debug|Any CPU.ActiveCfg = Debug|Any CPU
		{7BFC366A-4320-C5D5-DCCD-966D13E678B3}.Debug|Any CPU.Build.0 = Debug|Any CPU
		{7BFC366A-4320-C5D5-DCCD-966D13E678B3}.Release|Any CPU.ActiveCfg = Release|Any CPU
		{7BFC366A-4320-C5D5-DCCD-966D13E678B3}.Release|Any CPU.Build.0 = Release|Any CPU
	EndGlobalSection
	GlobalSection(SolutionProperties) = preSolution
		HideSolutionNode = FALSE
	EndGlobalSection
	GlobalSection(ExtensibilityGlobals) = postSolution
		SolutionGuid = {526337D5-ADD7-4231-BEB6-8DEFECAD9BC1}
	EndGlobalSection
EndGlobal
